
Microsoft Visual Studio Solution File, Format Version 12.00
# Visual Studio Version 17
VisualStudioVersion = 17.0.32014.148
MinimumVisualStudioVersion = 10.0.40219.1
Project("{9A19103F-16F7-4668-BE54-9A1E7A4F7556}") = "agricultural_guide", "agricultural_guide\agricultural_guide.csproj", "{98B92E59-0380-4B26-9E18-CDF1E286B171}"
EndProject
Global
	GlobalSection(SolutionConfigurationPlatforms) = preSolution
		Debug|Any CPU = Debug|Any CPU
		Release|Any CPU = Release|Any CPU
	EndGlobalSection
	GlobalSection(ProjectConfigurationPlatforms) = postSolution
		{98B92E59-0380-4B26-9E18-CDF1E286B171}.Debug|Any CPU.ActiveCfg = Debug|Any CPU
		{98B92E59-0380-4B26-9E18-CDF1E286B171}.Debug|Any CPU.Build.0 = Debug|Any CPU
		{98B92E59-0380-4B26-9E18-CDF1E286B171}.Release|Any CPU.ActiveCfg = Release|Any CPU
		{98B92E59-0380-4B26-9E18-CDF1E286B171}.Release|Any CPU.Build.0 = Release|Any CPU
	EndGlobalSection
	GlobalSection(SolutionProperties) = preSolution
		HideSolutionNode = FALSE
	EndGlobalSection
	GlobalSection(ExtensibilityGlobals) = postSolution
		SolutionGuid = {703C3733-B5CE-48DB-B96A-6909B3785E05}
	EndGlobalSection
EndGlobal
